
Microsoft Visual Studio Solution File, Format Version 12.00
# Visual Studio 14
VisualStudioVersion = 14.0.25123.0
MinimumVisualStudioVersion = 10.0.40219.1
Project("{FAE04EC0-301F-11D3-BF4B-00C04F79EFBC}") = "ReactDrone", "ReactDrone\ReactDrone.csproj", "{AE239E50-1302-496D-958B-1FF2ADE1060E}"
EndProject
Project("{FAE04EC0-301F-11D3-BF4B-00C04F79EFBC}") = "ReactDrone.Tests", "ReactDrone.Tests\ReactDrone.Tests.csproj", "{05256A29-0A46-4795-B369-8BEED8C6C2C7}"
EndProject
Project("{FAE04EC0-301F-11D3-BF4B-00C04F79EFBC}") = "ReactDrone.Mavlink", "ReactDrone.Mavlink\ReactDrone.Mavlink.csproj", "{D7F2AF64-7B91-47E4-82E8-71267267281D}"
EndProject
Global
	GlobalSection(SolutionConfigurationPlatforms) = preSolution
		Debug|Any CPU = Debug|Any CPU
		Release|Any CPU = Release|Any CPU
	EndGlobalSection
	GlobalSection(ProjectConfigurationPlatforms) = postSolution
		{AE239E50-1302-496D-958B-1FF2ADE1060E}.Debug|Any CPU.ActiveCfg = Debug|Any CPU
		{AE239E50-1302-496D-958B-1FF2ADE1060E}.Debug|Any CPU.Build.0 = Debug|Any CPU
		{AE239E50-1302-496D-958B-1FF2ADE1060E}.Release|Any CPU.ActiveCfg = Release|Any CPU
		{AE239E50-1302-496D-958B-1FF2ADE1060E}.Release|Any CPU.Build.0 = Release|Any CPU
		{05256A29-0A46-4795-B369-8BEED8C6C2C7}.Debug|Any CPU.ActiveCfg = Debug|Any CPU
		{05256A29-0A46-4795-B369-8BEED8C6C2C7}.Debug|Any CPU.Build.0 = Debug|Any CPU
		{05256A29-0A46-4795-B369-8BEED8C6C2C7}.Release|Any CPU.ActiveCfg = Release|Any CPU
		{05256A29-0A46-4795-B369-8BEED8C6C2C7}.Release|Any CPU.Build.0 = Release|Any CPU
		{D7F2AF64-7B91-47E4-82E8-71267267281D}.Debug|Any CPU.ActiveCfg = Debug|Any CPU
		{D7F2AF64-7B91-47E4-82E8-71267267281D}.Debug|Any CPU.Build.0 = Debug|Any CPU
		{D7F2AF64-7B91-47E4-82E8-71267267281D}.Release|Any CPU.ActiveCfg = Release|Any CPU
		{D7F2AF64-7B91-47E4-82E8-71267267281D}.Release|Any CPU.Build.0 = Release|Any CPU
	EndGlobalSection
	GlobalSection(SolutionProperties) = preSolution
		HideSolutionNode = FALSE
	EndGlobalSection
EndGlobal
